<?xml version="1.0" encoding="utf-8"?>
<Project ToolsVersion="15.0" xmlns="http://schemas.microsoft.com/developer/msbuild/2003">
  <ItemGroup>
    <Filter Include="Source Files">
      <UniqueIdentifier>{3e74f37f-1e1e-47ed-9c44-213389384278}</UniqueIdentifier>
    </Filter>
  </ItemGroup>
  <ItemGroup>
    <FxCompile Include="shaders\VolumetricsCS.hlsl" />
    <FxCompile Include="shaders\Generate3DMipsCS.hlsl" />
    <FxCompile Include="shaders\CalcAmbientDensityCS.hlsl" />
    <FxCompile Include="shaders\CalculateDirectLighting.hlsl" />
    <FxCompile Include="shaders\AtmosphereCS.hlsl" />
    <FxCompile Include="shaders\CopyToOutput.hlsl" />
    <FxCompile Include="shaders\BlockCompressSdfCS.hlsl" />
    <FxCompile Include="shaders\ShadowMarcher.hlsl" />
  </ItemGroup>
  <ItemGroup>
    <ClInclude Include="include\Volumarcher.h" />
    <ClInclude Include="shaders\ShaderCommon.h" />
    <ClInclude Include="external\stb_image.h" />
    <ClInclude Include="include\DetailNoise.h" />
    <ClInclude Include="include\VoxelWorld.h" />
    <ClInclude Include="include\BlueNoise.h" />
    <ClInclude Include="include\CompressedSDF.h" />
    <ClInclude Include="include\CloudShadowMap.h" />
  </ItemGroup>
  <ItemGroup>
    <ClCompile Include="source\Volumarcher.cpp" />
    <ClCompile Include="source\DetailNoise.cpp" />
    <ClCompile Include="source\VoxelWorld.cpp" />
    <ClCompile Include="source\BlueNoise.cpp" />
    <ClCompile Include="source\CompressedSDF.cpp" />
    <ClCompile Include="source\CloudShadowMap.cpp" />
  </ItemGroup>
  <ItemGroup>
    <None Include="shaders\Common.hlsli" />
    <None Include="shaders\atmosphere.hlsli" />
    <None Include="shaders\BlockCompressionFunctions.hlsli" />
  </ItemGroup>
</Project>